
Microsoft Visual Studio Solution File, Format Version 12.00
# Visual Studio Version 16
VisualStudioVersion = 16.0.31911.196
MinimumVisualStudioVersion = 10.0.40219.1
Project("{9A19103F-16F7-4668-BE54-9A1E7A4F7556}") = "Testds", "Testds.csproj", "{4818A652-A3FE-4E59-AC5B-023D8BE493B7}"
EndProject
Project("{9A19103F-16F7-4668-BE54-9A1E7A4F7556}") = "NetCoreDB", "..\NetCoreDB\NetCoreDB.csproj", "{4C88C97C-DAEA-4A70-A945-AF8385F67B99}"
EndProject
Project("{9A19103F-16F7-4668-BE54-9A1E7A4F7556}") = "InMemoryCache", "..\MemoryCacheModule\InMemoryCache.csproj", "{09F33737-59FE-449C-8F17-21DFE4D9A226}"
EndProject
Global
	GlobalSection(SolutionConfigurationPlatforms) = preSolution
		Debug|Any CPU = Debug|Any CPU
		Release|Any CPU = Release|Any CPU
	EndGlobalSection
	GlobalSection(ProjectConfigurationPlatforms) = postSolution
		{4818A652-A3FE-4E59-AC5B-023D8BE493B7}.Debug|Any CPU.ActiveCfg = Debug|Any CPU
		{4818A652-A3FE-4E59-AC5B-023D8BE493B7}.Debug|Any CPU.Build.0 = Debug|Any CPU
		{4818A652-A3FE-4E59-AC5B-023D8BE493B7}.Release|Any CPU.ActiveCfg = Release|Any CPU
		{4818A652-A3FE-4E59-AC5B-023D8BE493B7}.Release|Any CPU.Build.0 = Release|Any CPU
		{4C88C97C-DAEA-4A70-A945-AF8385F67B99}.Debug|Any CPU.ActiveCfg = Debug|Any CPU
		{4C88C97C-DAEA-4A70-A945-AF8385F67B99}.Debug|Any CPU.Build.0 = Debug|Any CPU
		{4C88C97C-DAEA-4A70-A945-AF8385F67B99}.Release|Any CPU.ActiveCfg = Release|Any CPU
		{4C88C97C-DAEA-4A70-A945-AF8385F67B99}.Release|Any CPU.Build.0 = Release|Any CPU
		{09F33737-59FE-449C-8F17-21DFE4D9A226}.Debug|Any CPU.ActiveCfg = Debug|Any CPU
		{09F33737-59FE-449C-8F17-21DFE4D9A226}.Debug|Any CPU.Build.0 = Debug|Any CPU
		{09F33737-59FE-449C-8F17-21DFE4D9A226}.Release|Any CPU.ActiveCfg = Release|Any CPU
		{09F33737-59FE-449C-8F17-21DFE4D9A226}.Release|Any CPU.Build.0 = Release|Any CPU
	EndGlobalSection
	GlobalSection(SolutionProperties) = preSolution
		HideSolutionNode = FALSE
	EndGlobalSection
	GlobalSection(ExtensibilityGlobals) = postSolution
		SolutionGuid = {5B01B74D-431F-44B6-B6FA-7DCF2EC8FA1F}
	EndGlobalSection
EndGlobal
